PODS:
  - Flutter (1.0.0)
  - FlutterPluginRegistrant (0.0.1):
    - Flutter

DEPENDENCIES:
  - Flutter (from `../example_module/.ios/Flutter`)
  - FlutterPluginRegistrant (from `../example_module/.ios/Flutter/FlutterPluginRegistrant`)

EXTERNAL SOURCES:
  Flutter:
    :path: "../example_module/.ios/Flutter"
  FlutterPluginRegistrant:
    :path: "../example_module/.ios/Flutter/FlutterPluginRegistrant"

SPEC CHECKSUMS:
  Flutter: cabc95a1d2626b1b06e7179b784ebcf0c0cde467
  FlutterPluginRegistrant: 33eb8033675f887eba735b6409cd8503f377aa87

PODFILE CHECKSUM: 8df05b4110b504a9fbd0f28fdb3cafb419c22ad9

COCOAPODS: 1.16.2
