PODS:
  - example_module_native (0.1.0):
    - Flutter
    - inlay
  - Flutter (1.0.0)
  - FlutterPluginRegistrant (0.0.1):
    - example_module_native
    - Flutter
    - inlay
  - inlay (0.1.0):
    - Flutter

DEPENDENCIES:
  - example_module_native (from `../example_module/.ios/.symlinks/plugins/example_module_native/ios`)
  - Flutter (from `../example_module/.ios/Flutter`)
  - FlutterPluginRegistrant (from `../example_module/.ios/Flutter/FlutterPluginRegistrant`)
  - inlay (from `../example_module/.ios/.symlinks/plugins/inlay/ios`)

EXTERNAL SOURCES:
  example_module_native:
    :path: "../example_module/.ios/.symlinks/plugins/example_module_native/ios"
  Flutter:
    :path: "../example_module/.ios/Flutter"
  FlutterPluginRegistrant:
    :path: "../example_module/.ios/Flutter/FlutterPluginRegistrant"
  inlay:
    :path: "../example_module/.ios/.symlinks/plugins/inlay/ios"

SPEC CHECKSUMS:
  example_module_native: 72c6ed60aca0fa3b7b96ae847c67cfa03653df46
  Flutter: cabc95a1d2626b1b06e7179b784ebcf0c0cde467
  FlutterPluginRegistrant: 5d555eae267ea1a99df30060beea3ff69c58ba22
  inlay: 65b6cdd0c22150f41e721dd61ad4ee8ed77a3ef2

PODFILE CHECKSUM: 8df05b4110b504a9fbd0f28fdb3cafb419c22ad9

COCOAPODS: 1.16.2
