// !$*UTF8*$!
{
	archiveVersion = 1;
	classes = {
	};
	objectVersion = 77;
	objects = {

/* Begin PBXBuildFile section */
		18B6B1E21F2DA5517731DCEC /* HomeViewController.swift in Sources */ = {isa = PBXBuildFile; fileRef = FB0BD1B0014D93C98B093623 /* HomeViewController.swift */; };
		196CF5E7AE7C6162AD5ED031 /* Stores.g.swift in Sources */ = {isa = PBXBuildFile; fileRef = 74534979212446D57B0816C3 /* Stores.g.swift */; };
		1FDF57DA5078164E93BDD91F /* AppDelegate.swift in Sources */ = {isa = PBXBuildFile; fileRef = 1A9D1B1B491BA30E00E520D1 /* AppDelegate.swift */; };
		2B71B02921C0EA9602E0CCFB /* SwiftUIHomeView.swift in Sources */ = {isa = PBXBuildFile; fileRef = D0B96BB7FC90627C426842BB /* SwiftUIHomeView.swift */; };
		2ED8EC8B358C9AD5AAD9314C /* Routes.g.swift in Sources */ = {isa = PBXBuildFile; fileRef = 343A070BFA213E7E09B1C231 /* Routes.g.swift */; };
		4F8C5D0ADCB992F5382A5D22 /* ExampleNativeRouteHandler.swift in Sources */ = {isa = PBXBuildFile; fileRef = F5C2CCE67E236EC20EF842E5 /* ExampleNativeRouteHandler.swift */; };
		512C369033D284A2B8B75865 /* Pods_ExampleApp.framework in Frameworks */ = {isa = PBXBuildFile; fileRef = 526167B9AC7A5D8B0A8515CD /* Pods_ExampleApp.framework */; };
		70517C00F3A560C557046291 /* NativeSettingsViewController.swift in Sources */ = {isa = PBXBuildFile; fileRef = 40E81C6D4CC0877C3A6AFBF4 /* NativeSettingsViewController.swift */; };
		7079354AD3006EA79AC9C86A /* RootTabBarController.swift in Sources */ = {isa = PBXBuildFile; fileRef = 721A6F6538C3175D2E37501A /* RootTabBarController.swift */; };
		714A4EAFCF24612973254143 /* PluginRegistrationUITests.swift in Sources */ = {isa = PBXBuildFile; fileRef = 2D4D6284D98F583CF2104889 /* PluginRegistrationUITests.swift */; };
		B4E7162F681FC5BF8A30EA5B /* ScreenResultUITests.swift in Sources */ = {isa = PBXBuildFile; fileRef = 0757CFA6B3A684BF0B2F28CC /* ScreenResultUITests.swift */; };
		BF319AF9D86CEA35236232C5 /* NativeAboutViewController.swift in Sources */ = {isa = PBXBuildFile; fileRef = 935E0210B7C77AD7CF48FBBD /* NativeAboutViewController.swift */; };
		ECB11625199FEAF30B4D081E /* NativeCounterView.swift in Sources */ = {isa = PBXBuildFile; fileRef = 665753E5DADF8B4D93CEB9FE /* NativeCounterView.swift */; };
/* End PBXBuildFile section */

/* Begin PBXContainerItemProxy section */
		1D2728D51B71A1184F10F33B /* PBXContainerItemProxy */ = {
			isa = PBXContainerItemProxy;
			containerPortal = E6FC2ABCE62557C86BAC1580 /* Project object */;
			proxyType = 1;
			remoteGlobalIDString = 35B8FEF4A7EC7B264458F19C;
			remoteInfo = ExampleApp;
		};
/* End PBXContainerItemProxy section */

/* Begin PBXFileReference section */
		0757CFA6B3A684BF0B2F28CC /* ScreenResultUITests.swift */ = {isa = PBXFileReference; lastKnownFileType = sourcecode.swift; path = ScreenResultUITests.swift; sourceTree = "<group>"; };
		1A9D1B1B491BA30E00E520D1 /* AppDelegate.swift */ = {isa = PBXFileReference; lastKnownFileType = sourcecode.swift; path = AppDelegate.swift; sourceTree = "<group>"; };
		2D4D6284D98F583CF2104889 /* PluginRegistrationUITests.swift */ = {isa = PBXFileReference; lastKnownFileType = sourcecode.swift; path = PluginRegistrationUITests.swift; sourceTree = "<group>"; };
		2EB626E27B246D66254E0136 /* ExampleAppUITests.xctest */ = {isa = PBXFileReference; includeInIndex = 0; lastKnownFileType = wrapper.cfbundle; path = ExampleAppUITests.xctest; sourceTree = BUILT_PRODUCTS_DIR; };
		343A070BFA213E7E09B1C231 /* Routes.g.swift */ = {isa = PBXFileReference; lastKnownFileType = sourcecode.swift; path = Routes.g.swift; sourceTree = "<group>"; };
		40E81C6D4CC0877C3A6AFBF4 /* NativeSettingsViewController.swift */ = {isa = PBXFileReference; lastKnownFileType = sourcecode.swift; path = NativeSettingsViewController.swift; sourceTree = "<group>"; };
		526167B9AC7A5D8B0A8515CD /* Pods_ExampleApp.framework */ = {isa = PBXFileReference; explicitFileType = wrapper.framework; includeInIndex = 0; path = Pods_ExampleApp.framework; sourceTree = BUILT_PRODUCTS_DIR; };
		665753E5DADF8B4D93CEB9FE /* NativeCounterView.swift */ = {isa = PBXFileReference; lastKnownFileType = sourcecode.swift; path = NativeCounterView.swift; sourceTree = "<group>"; };
		6848FD125437C5F850B93CE5 /* Pods-ExampleApp.debug.xcconfig */ = {isa = PBXFileReference; includeInIndex = 1; lastKnownFileType = text.xcconfig; name = "Pods-ExampleApp.debug.xcconfig"; path = "Target Support Files/Pods-ExampleApp/Pods-ExampleApp.debug.xcconfig"; sourceTree = "<group>"; };
		699087DB286289109D22B44A /* Pods-ExampleApp.release.xcconfig */ = {isa = PBXFileReference; includeInIndex = 1; lastKnownFileType = text.xcconfig; name = "Pods-ExampleApp.release.xcconfig"; path = "Target Support Files/Pods-ExampleApp/Pods-ExampleApp.release.xcconfig"; sourceTree = "<group>"; };
		721A6F6538C3175D2E37501A /* RootTabBarController.swift */ = {isa = PBXFileReference; lastKnownFileType = sourcecode.swift; path = RootTabBarController.swift; sourceTree = "<group>"; };
		74534979212446D57B0816C3 /* Stores.g.swift */ = {isa = PBXFileReference; lastKnownFileType = sourcecode.swift; path = Stores.g.swift; sourceTree = "<group>"; };
		926C3D981D8F7AB7B3F2E007 /* ExampleApp.app */ = {isa = PBXFileReference; includeInIndex = 0; lastKnownFileType = wrapper.application; path = ExampleApp.app; sourceTree = BUILT_PRODUCTS_DIR; };
		935E0210B7C77AD7CF48FBBD /* NativeAboutViewController.swift */ = {isa = PBXFileReference; lastKnownFileType = sourcecode.swift; path = NativeAboutViewController.swift; sourceTree = "<group>"; };
		D0B96BB7FC90627C426842BB /* SwiftUIHomeView.swift */ = {isa = PBXFileReference; lastKnownFileType = sourcecode.swift; path = SwiftUIHomeView.swift; sourceTree = "<group>"; };
		F5C2CCE67E236EC20EF842E5 /* ExampleNativeRouteHandler.swift */ = {isa = PBXFileReference; lastKnownFileType = sourcecode.swift; path = ExampleNativeRouteHandler.swift; sourceTree = "<group>"; };
		FB0BD1B0014D93C98B093623 /* HomeViewController.swift */ = {isa = PBXFileReference; lastKnownFileType = sourcecode.swift; path = HomeViewController.swift; sourceTree = "<group>"; };
/* End PBXFileReference section */

/* Begin PBXFrameworksBuildPhase section */
		600004B8256C32BEE5B05D4B /* Frameworks */ = {
			isa = PBXFrameworksBuildPhase;
			buildActionMask = 2147483647;
			files = (
				512C369033D284A2B8B75865 /* Pods_ExampleApp.framework in Frameworks */,
			);
			runOnlyForDeploymentPostprocessing = 0;
		};
/* End PBXFrameworksBuildPhase section */

/* Begin PBXGroup section */
		011703E8B01C4722C6A33681 /* UIKit */ = {
			isa = PBXGroup;
			children = (
				FB0BD1B0014D93C98B093623 /* HomeViewController.swift */,
				935E0210B7C77AD7CF48FBBD /* NativeAboutViewController.swift */,
				40E81C6D4CC0877C3A6AFBF4 /* NativeSettingsViewController.swift */,
			);
			path = UIKit;
			sourceTree = "<group>";
		};
		084384D0F9ECB4E31E42542D /* Pods */ = {
			isa = PBXGroup;
			children = (
				6848FD125437C5F850B93CE5 /* Pods-ExampleApp.debug.xcconfig */,
				699087DB286289109D22B44A /* Pods-ExampleApp.release.xcconfig */,
			);
			name = Pods;
			path = Pods;
			sourceTree = "<group>";
		};
		17E81F3B1BE3726F271B0731 /* ios */ = {
			isa = PBXGroup;
			children = (
				777FFC4E2882BEE145FD6801 /* Classes */,
			);
			path = ios;
			sourceTree = "<group>";
		};
		275CF57EB833A2220EBAC24B /* example */ = {
			isa = PBXGroup;
			children = (
				C48EAE28ED171471F459E906 /* example_module */,
			);
			name = example;
			path = ..;
			sourceTree = "<group>";
		};
		3674403AE888ED3C87A7C1FA /* Sources */ = {
			isa = PBXGroup;
			children = (
				1A9D1B1B491BA30E00E520D1 /* AppDelegate.swift */,
				F5C2CCE67E236EC20EF842E5 /* ExampleNativeRouteHandler.swift */,
				721A6F6538C3175D2E37501A /* RootTabBarController.swift */,
				806E161856C404C801A7C19A /* SwiftUI */,
				011703E8B01C4722C6A33681 /* UIKit */,
			);
			path = Sources;
			sourceTree = "<group>";
		};
		408692C444E44F1D66C7D62C /* Frameworks */ = {
			isa = PBXGroup;
			children = (
				526167B9AC7A5D8B0A8515CD /* Pods_ExampleApp.framework */,
			);
			name = Frameworks;
			sourceTree = "<group>";
		};
		777FFC4E2882BEE145FD6801 /* Classes */ = {
			isa = PBXGroup;
			children = (
				E088CE19CDE3C5447AF62087 /* Generated */,
			);
			path = Classes;
			sourceTree = "<group>";
		};
		806E161856C404C801A7C19A /* SwiftUI */ = {
			isa = PBXGroup;
			children = (
				665753E5DADF8B4D93CEB9FE /* NativeCounterView.swift */,
				D0B96BB7FC90627C426842BB /* SwiftUIHomeView.swift */,
			);
			path = SwiftUI;
			sourceTree = "<group>";
		};
		AF4E1C376012F79EC7DF8379 /* Products */ = {
			isa = PBXGroup;
			children = (
				926C3D981D8F7AB7B3F2E007 /* ExampleApp.app */,
				2EB626E27B246D66254E0136 /* ExampleAppUITests.xctest */,
			);
			name = Products;
			sourceTree = "<group>";
		};
		C2B928180E389A5E67EA2A09 /* example_module_native */ = {
			isa = PBXGroup;
			children = (
				17E81F3B1BE3726F271B0731 /* ios */,
			);
			path = example_module_native;
			sourceTree = "<group>";
		};
		C48EAE28ED171471F459E906 /* example_module */ = {
			isa = PBXGroup;
			children = (
				C2B928180E389A5E67EA2A09 /* example_module_native */,
			);
			path = example_module;
			sourceTree = "<group>";
		};
		E088CE19CDE3C5447AF62087 /* Generated */ = {
			isa = PBXGroup;
			children = (
				343A070BFA213E7E09B1C231 /* Routes.g.swift */,
				74534979212446D57B0816C3 /* Stores.g.swift */,
			);
			path = Generated;
			sourceTree = "<group>";
		};
		ECA11DCDB4BE2265B358A0E2 = {
			isa = PBXGroup;
			children = (
				275CF57EB833A2220EBAC24B /* example */,
				3674403AE888ED3C87A7C1FA /* Sources */,
				F2059B4CB59B2BD8B8E68AA3 /* UITests */,
				AF4E1C376012F79EC7DF8379 /* Products */,
				084384D0F9ECB4E31E42542D /* Pods */,
				408692C444E44F1D66C7D62C /* Frameworks */,
			);
			sourceTree = "<group>";
		};
		F2059B4CB59B2BD8B8E68AA3 /* UITests */ = {
			isa = PBXGroup;
			children = (
				2D4D6284D98F583CF2104889 /* PluginRegistrationUITests.swift */,
				0757CFA6B3A684BF0B2F28CC /* ScreenResultUITests.swift */,
			);
			path = UITests;
			sourceTree = "<group>";
		};
/* End PBXGroup section */

/* Begin PBXNativeTarget section */
		35B8FEF4A7EC7B264458F19C /* ExampleApp */ = {
			isa = PBXNativeTarget;
			buildConfigurationList = AE928657B46C08C76BD8F85B /* Build configuration list for PBXNativeTarget "ExampleApp" */;
			buildPhases = (
				625E71CCC1D8E1320FB321CA /* [CP] Check Pods Manifest.lock */,
				58277BC41369AC3D64D89E0D /* [CP-User] Run Flutter Build example_module Script */,
				5380FB61401EE22569D3345E /* Sources */,
				600004B8256C32BEE5B05D4B /* Frameworks */,
				AB2A75EF835C41D10138C9D0 /* [CP] Embed Pods Frameworks */,
				8C1B95FE26CC7AE374FFB6BB /* [CP-User] Embed Flutter Build example_module Script */,
			);
			buildRules = (
			);
			dependencies = (
			);
			name = ExampleApp;
			productName = ExampleApp;
			productReference = 926C3D981D8F7AB7B3F2E007 /* ExampleApp.app */;
			productType = "com.apple.product-type.application";
		};
		B571CF2D14803875D9907325 /* ExampleAppUITests */ = {
			isa = PBXNativeTarget;
			buildConfigurationList = 3FE5BCFB6466D54DF6E6A89C /* Build configuration list for PBXNativeTarget "ExampleAppUITests" */;
			buildPhases = (
				F93979E541394FBF848069F0 /* Sources */,
			);
			buildRules = (
			);
			dependencies = (
				37535CB375FB489017F3270E /* PBXTargetDependency */,
			);
			name = ExampleAppUITests;
			productName = ExampleAppUITests;
			productReference = 2EB626E27B246D66254E0136 /* ExampleAppUITests.xctest */;
			productType = "com.apple.product-type.bundle.ui-testing";
		};
/* End PBXNativeTarget section */

/* Begin PBXProject section */
		E6FC2ABCE62557C86BAC1580 /* Project object */ = {
			isa = PBXProject;
			attributes = {
				BuildIndependentTargetsInParallel = YES;
				LastUpgradeCheck = 1430;
				TargetAttributes = {
					B571CF2D14803875D9907325 = {
						TestTargetID = 35B8FEF4A7EC7B264458F19C;
					};
				};
			};
			buildConfigurationList = 73A70D16F69D798FC49217D0 /* Build configuration list for PBXProject "ExampleApp" */;
			compatibilityVersion = "Xcode 14.0";
			developmentRegion = en;
			hasScannedForEncodings = 0;
			knownRegions = (
				Base,
				en,
			);
			mainGroup = ECA11DCDB4BE2265B358A0E2;
			minimizedProjectReferenceProxies = 1;
			preferredProjectObjectVersion = 77;
			productRefGroup = AF4E1C376012F79EC7DF8379 /* Products */;
			projectDirPath = "";
			projectRoot = "";
			targets = (
				35B8FEF4A7EC7B264458F19C /* ExampleApp */,
				B571CF2D14803875D9907325 /* ExampleAppUITests */,
			);
		};
/* End PBXProject section */

/* Begin PBXShellScriptBuildPhase section */
		58277BC41369AC3D64D89E0D /* [CP-User] Run Flutter Build example_module Script */ = {
			isa = PBXShellScriptBuildPhase;
			buildActionMask = 2147483647;
			files = (
			);
			name = "[CP-User] Run Flutter Build example_module Script";
			runOnlyForDeploymentPostprocessing = 0;
			shellPath = /bin/sh;
			shellScript = "set -e\nset -u\nsource \"${SRCROOT}/../example_module/.ios/Flutter/flutter_export_environment.sh\"\nexport VERBOSE_SCRIPT_LOGGING=1 && \"$FLUTTER_ROOT\"/packages/flutter_tools/bin/xcode_backend.sh build";
		};
		625E71CCC1D8E1320FB321CA /* [CP] Check Pods Manifest.lock */ = {
			isa = PBXShellScriptBuildPhase;
			buildActionMask = 2147483647;
			files = (
			);
			inputFileListPaths = (
			);
			inputPaths = (
				"${PODS_PODFILE_DIR_PATH}/Podfile.lock",
				"${PODS_ROOT}/Manifest.lock",
			);
			name = "[CP] Check Pods Manifest.lock";
			outputFileListPaths = (
			);
			outputPaths = (
				"$(DERIVED_FILE_DIR)/Pods-ExampleApp-checkManifestLockResult.txt",
			);
			runOnlyForDeploymentPostprocessing = 0;
			shellPath = /bin/sh;
			shellScript = "diff \"${PODS_PODFILE_DIR_PATH}/Podfile.lock\" \"${PODS_ROOT}/Manifest.lock\" > /dev/null\nif [ $? != 0 ] ; then\n    # print error to STDERR\n    echo \"error: The sandbox is not in sync with the Podfile.lock. Run 'pod install' or update your CocoaPods installation.\" >&2\n    exit 1\nfi\n# This output is used by Xcode 'outputs' to avoid re-running this script phase.\necho \"SUCCESS\" > \"${SCRIPT_OUTPUT_FILE_0}\"\n";
			showEnvVarsInLog = 0;
		};
		8C1B95FE26CC7AE374FFB6BB /* [CP-User] Embed Flutter Build example_module Script */ = {
			isa = PBXShellScriptBuildPhase;
			buildActionMask = 2147483647;
			files = (
			);
			name = "[CP-User] Embed Flutter Build example_module Script";
			runOnlyForDeploymentPostprocessing = 0;
			shellPath = /bin/sh;
			shellScript = "set -e\nset -u\nsource \"${SRCROOT}/../example_module/.ios/Flutter/flutter_export_environment.sh\"\nexport VERBOSE_SCRIPT_LOGGING=1 && \"$FLUTTER_ROOT\"/packages/flutter_tools/bin/xcode_backend.sh embed_and_thin";
		};
		AB2A75EF835C41D10138C9D0 /* [CP] Embed Pods Frameworks */ = {
			isa = PBXShellScriptBuildPhase;
			buildActionMask = 2147483647;
			files = (
			);
			inputFileListPaths = (
				"${PODS_ROOT}/Target Support Files/Pods-ExampleApp/Pods-ExampleApp-frameworks-${CONFIGURATION}-input-files.xcfilelist",
			);
			name = "[CP] Embed Pods Frameworks";
			outputFileListPaths = (
				"${PODS_ROOT}/Target Support Files/Pods-ExampleApp/Pods-ExampleApp-frameworks-${CONFIGURATION}-output-files.xcfilelist",
			);
			runOnlyForDeploymentPostprocessing = 0;
			shellPath = /bin/sh;
			shellScript = "\"${PODS_ROOT}/Target Support Files/Pods-ExampleApp/Pods-ExampleApp-frameworks.sh\"\n";
			showEnvVarsInLog = 0;
		};
/* End PBXShellScriptBuildPhase section */

/* Begin PBXSourcesBuildPhase section */
		5380FB61401EE22569D3345E /* Sources */ = {
			isa = PBXSourcesBuildPhase;
			buildActionMask = 2147483647;
			files = (
				1FDF57DA5078164E93BDD91F /* AppDelegate.swift in Sources */,
				4F8C5D0ADCB992F5382A5D22 /* ExampleNativeRouteHandler.swift in Sources */,
				18B6B1E21F2DA5517731DCEC /* HomeViewController.swift in Sources */,
				BF319AF9D86CEA35236232C5 /* NativeAboutViewController.swift in Sources */,
				ECB11625199FEAF30B4D081E /* NativeCounterView.swift in Sources */,
				70517C00F3A560C557046291 /* NativeSettingsViewController.swift in Sources */,
				7079354AD3006EA79AC9C86A /* RootTabBarController.swift in Sources */,
				2ED8EC8B358C9AD5AAD9314C /* Routes.g.swift in Sources */,
				196CF5E7AE7C6162AD5ED031 /* Stores.g.swift in Sources */,
				2B71B02921C0EA9602E0CCFB /* SwiftUIHomeView.swift in Sources */,
			);
			runOnlyForDeploymentPostprocessing = 0;
		};
		F93979E541394FBF848069F0 /* Sources */ = {
			isa = PBXSourcesBuildPhase;
			buildActionMask = 2147483647;
			files = (
				714A4EAFCF24612973254143 /* PluginRegistrationUITests.swift in Sources */,
				B4E7162F681FC5BF8A30EA5B /* ScreenResultUITests.swift in Sources */,
			);
			runOnlyForDeploymentPostprocessing = 0;
		};
/* End PBXSourcesBuildPhase section */

/* Begin PBXTargetDependency section */
		37535CB375FB489017F3270E /* PBXTargetDependency */ = {
			isa = PBXTargetDependency;
			target = 35B8FEF4A7EC7B264458F19C /* ExampleApp */;
			targetProxy = 1D2728D51B71A1184F10F33B /* PBXContainerItemProxy */;
		};
/* End PBXTargetDependency section */

/* Begin XCBuildConfiguration section */
		1EFA7DE0C166B5B12443A164 /* Release */ = {
			isa = XCBuildConfiguration;
			buildSettings = {
				ALWAYS_SEARCH_USER_PATHS = NO;
				CLANG_ANALYZER_NONNULL = YES;
				CLANG_ANALYZER_NUMBER_OBJECT_CONVERSION = YES_AGGRESSIVE;
				CLANG_CXX_LANGUAGE_STANDARD = "gnu++14";
				CLANG_CXX_LIBRARY = "libc++";
				CLANG_ENABLE_MODULES = YES;
				CLANG_ENABLE_OBJC_ARC = YES;
				CLANG_ENABLE_OBJC_WEAK = YES;
				CLANG_WARN_BLOCK_CAPTURE_AUTORELEASING = YES;
				CLANG_WARN_BOOL_CONVERSION = YES;
				CLANG_WARN_COMMA = YES;
				CLANG_WARN_CONSTANT_CONVERSION = YES;
				CLANG_WARN_DEPRECATED_OBJC_IMPLEMENTATIONS = YES;
				CLANG_WARN_DIRECT_OBJC_ISA_USAGE = YES_ERROR;
				CLANG_WARN_DOCUMENTATION_COMMENTS = YES;
				CLANG_WARN_EMPTY_BODY = YES;
				CLANG_WARN_ENUM_CONVERSION = YES;
				CLANG_WARN_INFINITE_RECURSION = YES;
				CLANG_WARN_INT_CONVERSION = YES;
				CLANG_WARN_NON_LITERAL_NULL_CONVERSION = YES;
				CLANG_WARN_OBJC_IMPLICIT_RETAIN_SELF = YES;
				CLANG_WARN_OBJC_LITERAL_CONVERSION = YES;
				CLANG_WARN_OBJC_ROOT_CLASS = YES_ERROR;
				CLANG_WARN_QUOTED_INCLUDE_IN_FRAMEWORK_HEADER = YES;
				CLANG_WARN_RANGE_LOOP_ANALYSIS = YES;
				CLANG_WARN_STRICT_PROTOTYPES = YES;
				CLANG_WARN_SUSPICIOUS_MOVE = YES;
				CLANG_WARN_UNGUARDED_AVAILABILITY = YES_AGGRESSIVE;
				CLANG_WARN_UNREACHABLE_CODE = YES;
				CLANG_WARN__DUPLICATE_METHOD_MATCH = YES;
				COPY_PHASE_STRIP = NO;
				DEBUG_INFORMATION_FORMAT = "dwarf-with-dsym";
				ENABLE_NS_ASSERTIONS = NO;
				ENABLE_STRICT_OBJC_MSGSEND = YES;
				GCC_C_LANGUAGE_STANDARD = gnu11;
				GCC_NO_COMMON_BLOCKS = YES;
				GCC_WARN_64_TO_32_BIT_CONVERSION = YES;
				GCC_WARN_ABOUT_RETURN_TYPE = YES_ERROR;
				GCC_WARN_UNDECLARED_SELECTOR = YES;
				GCC_WARN_UNINITIALIZED_AUTOS = YES_AGGRESSIVE;
				GCC_WARN_UNUSED_FUNCTION = YES;
				GCC_WARN_UNUSED_VARIABLE = YES;
				IPHONEOS_DEPLOYMENT_TARGET = 16.0;
				MTL_ENABLE_DEBUG_INFO = NO;
				MTL_FAST_MATH = YES;
				PRODUCT_NAME = "$(TARGET_NAME)";
				SDKROOT = iphoneos;
				SWIFT_COMPILATION_MODE = wholemodule;
				SWIFT_OPTIMIZATION_LEVEL = "-O";
				SWIFT_VERSION = 5.0;
			};
			name = Release;
		};
		6877C231E87B3189662D6947 /* Release */ = {
			isa = XCBuildConfiguration;
			buildSettings = {
				BUNDLE_LOADER = "$(TEST_HOST)";
				GENERATE_INFOPLIST_FILE = YES;
				LD_RUNPATH_SEARCH_PATHS = (
					"$(inherited)",
					"@executable_path/Frameworks",
					"@loader_path/Frameworks",
				);
				PRODUCT_BUNDLE_IDENTIFIER = co.leancode.inlay.example.ios.uitests;
				SDKROOT = iphoneos;
				SWIFT_VERSION = 5.9;
				TARGETED_DEVICE_FAMILY = "1,2";
				TEST_TARGET_NAME = ExampleApp;
			};
			name = Release;
		};
		A0434A35A655F4DA293ECD44 /* Debug */ = {
			isa = XCBuildConfiguration;
			baseConfigurationReference = 6848FD125437C5F850B93CE5 /* Pods-ExampleApp.debug.xcconfig */;
			buildSettings = {
				ASSETCATALOG_COMPILER_APPICON_NAME = AppIcon;
				CODE_SIGN_IDENTITY = "iPhone Developer";
				INFOPLIST_FILE = Resources/Info.plist;
				LD_RUNPATH_SEARCH_PATHS = (
					"$(inherited)",
					"@executable_path/Frameworks",
				);
				PRODUCT_BUNDLE_IDENTIFIER = co.leancode.inlay.example.ios;
				SDKROOT = iphoneos;
				SWIFT_VERSION = 5.9;
				TARGETED_DEVICE_FAMILY = "1,2";
			};
			name = Debug;
		};
		A416E8F402F2F67FB0EA5F35 /* Release */ = {
			isa = XCBuildConfiguration;
			baseConfigurationReference = 699087DB286289109D22B44A /* Pods-ExampleApp.release.xcconfig */;
			buildSettings = {
				ASSETCATALOG_COMPILER_APPICON_NAME = AppIcon;
				CODE_SIGN_IDENTITY = "iPhone Developer";
				INFOPLIST_FILE = Resources/Info.plist;
				LD_RUNPATH_SEARCH_PATHS = (
					"$(inherited)",
					"@executable_path/Frameworks",
				);
				PRODUCT_BUNDLE_IDENTIFIER = co.leancode.inlay.example.ios;
				SDKROOT = iphoneos;
				SWIFT_VERSION = 5.9;
				TARGETED_DEVICE_FAMILY = "1,2";
			};
			name = Release;
		};
		C425BDE89D0C96534D273F9B /* Debug */ = {
			isa = XCBuildConfiguration;
			buildSettings = {
				ALWAYS_SEARCH_USER_PATHS = NO;
				CLANG_ANALYZER_NONNULL = YES;
				CLANG_ANALYZER_NUMBER_OBJECT_CONVERSION = YES_AGGRESSIVE;
				CLANG_CXX_LANGUAGE_STANDARD = "gnu++14";
				CLANG_CXX_LIBRARY = "libc++";
				CLANG_ENABLE_MODULES = YES;
				CLANG_ENABLE_OBJC_ARC = YES;
				CLANG_ENABLE_OBJC_WEAK = YES;
				CLANG_WARN_BLOCK_CAPTURE_AUTORELEASING = YES;
				CLANG_WARN_BOOL_CONVERSION = YES;
				CLANG_WARN_COMMA = YES;
				CLANG_WARN_CONSTANT_CONVERSION = YES;
				CLANG_WARN_DEPRECATED_OBJC_IMPLEMENTATIONS = YES;
				CLANG_WARN_DIRECT_OBJC_ISA_USAGE = YES_ERROR;
				CLANG_WARN_DOCUMENTATION_COMMENTS = YES;
				CLANG_WARN_EMPTY_BODY = YES;
				CLANG_WARN_ENUM_CONVERSION = YES;
				CLANG_WARN_INFINITE_RECURSION = YES;
				CLANG_WARN_INT_CONVERSION = YES;
				CLANG_WARN_NON_LITERAL_NULL_CONVERSION = YES;
				CLANG_WARN_OBJC_IMPLICIT_RETAIN_SELF = YES;
				CLANG_WARN_OBJC_LITERAL_CONVERSION = YES;
				CLANG_WARN_OBJC_ROOT_CLASS = YES_ERROR;
				CLANG_WARN_QUOTED_INCLUDE_IN_FRAMEWORK_HEADER = YES;
				CLANG_WARN_RANGE_LOOP_ANALYSIS = YES;
				CLANG_WARN_STRICT_PROTOTYPES = YES;
				CLANG_WARN_SUSPICIOUS_MOVE = YES;
				CLANG_WARN_UNGUARDED_AVAILABILITY = YES_AGGRESSIVE;
				CLANG_WARN_UNREACHABLE_CODE = YES;
				CLANG_WARN__DUPLICATE_METHOD_MATCH = YES;
				COPY_PHASE_STRIP = NO;
				DEBUG_INFORMATION_FORMAT = dwarf;
				ENABLE_STRICT_OBJC_MSGSEND = YES;
				ENABLE_TESTABILITY = YES;
				GCC_C_LANGUAGE_STANDARD = gnu11;
				GCC_DYNAMIC_NO_PIC = NO;
				GCC_NO_COMMON_BLOCKS = YES;
				GCC_OPTIMIZATION_LEVEL = 0;
				GCC_PREPROCESSOR_DEFINITIONS = (
					"$(inherited)",
					"DEBUG=1",
				);
				GCC_WARN_64_TO_32_BIT_CONVERSION = YES;
				GCC_WARN_ABOUT_RETURN_TYPE = YES_ERROR;
				GCC_WARN_UNDECLARED_SELECTOR = YES;
				GCC_WARN_UNINITIALIZED_AUTOS = YES_AGGRESSIVE;
				GCC_WARN_UNUSED_FUNCTION = YES;
				GCC_WARN_UNUSED_VARIABLE = YES;
				IPHONEOS_DEPLOYMENT_TARGET = 16.0;
				MTL_ENABLE_DEBUG_INFO = INCLUDE_SOURCE;
				MTL_FAST_MATH = YES;
				ONLY_ACTIVE_ARCH = YES;
				PRODUCT_NAME = "$(TARGET_NAME)";
				SDKROOT = iphoneos;
				SWIFT_ACTIVE_COMPILATION_CONDITIONS = DEBUG;
				SWIFT_OPTIMIZATION_LEVEL = "-Onone";
				SWIFT_VERSION = 5.0;
			};
			name = Debug;
		};
		EEBFF94925CB3D2221981618 /* Debug */ = {
			isa = XCBuildConfiguration;
			buildSettings = {
				BUNDLE_LOADER = "$(TEST_HOST)";
				GENERATE_INFOPLIST_FILE = YES;
				LD_RUNPATH_SEARCH_PATHS = (
					"$(inherited)",
					"@executable_path/Frameworks",
					"@loader_path/Frameworks",
				);
				PRODUCT_BUNDLE_IDENTIFIER = co.leancode.inlay.example.ios.uitests;
				SDKROOT = iphoneos;
				SWIFT_VERSION = 5.9;
				TARGETED_DEVICE_FAMILY = "1,2";
				TEST_TARGET_NAME = ExampleApp;
			};
			name = Debug;
		};
/* End XCBuildConfiguration section */

/* Begin XCConfigurationList section */
		3FE5BCFB6466D54DF6E6A89C /* Build configuration list for PBXNativeTarget "ExampleAppUITests" */ = {
			isa = XCConfigurationList;
			buildConfigurations = (
				EEBFF94925CB3D2221981618 /* Debug */,
				6877C231E87B3189662D6947 /* Release */,
			);
			defaultConfigurationIsVisible = 0;
			defaultConfigurationName = Debug;
		};
		73A70D16F69D798FC49217D0 /* Build configuration list for PBXProject "ExampleApp" */ = {
			isa = XCConfigurationList;
			buildConfigurations = (
				C425BDE89D0C96534D273F9B /* Debug */,
				1EFA7DE0C166B5B12443A164 /* Release */,
			);
			defaultConfigurationIsVisible = 0;
			defaultConfigurationName = Debug;
		};
		AE928657B46C08C76BD8F85B /* Build configuration list for PBXNativeTarget "ExampleApp" */ = {
			isa = XCConfigurationList;
			buildConfigurations = (
				A0434A35A655F4DA293ECD44 /* Debug */,
				A416E8F402F2F67FB0EA5F35 /* Release */,
			);
			defaultConfigurationIsVisible = 0;
			defaultConfigurationName = Debug;
		};
/* End XCConfigurationList section */
	};
	rootObject = E6FC2ABCE62557C86BAC1580 /* Project object */;
}
